// !$*UTF8*$!
{
	archiveVersion = 1;
	classes = {
	};
	objectVersion = 46;
	objects = {

/* Begin PBXBuildFile section */
		07AB6352E467CF0405949481 /* libPods.a in Frameworks */ = {isa = PBXBuildFile; fileRef = C25AAE528576EBAC209E60CE /* libPods.a */; };
		363D0EC61C7562010032DDE1 /* QuikUser.m in Sources */ = {isa = PBXBuildFile; fileRef = D01127EC1C73C3150051E7EF /* QuikUser.m */; };
		364A6DB11C812254009F3F54 /* QuikOffers.m in Sources */ = {isa = PBXBuildFile; fileRef = 364A6DB01C812254009F3F54 /* QuikOffers.m */; };
		364A6DB41C83E7AA009F3F54 /* QuikOfferDetailsVC.m in Sources */ = {isa = PBXBuildFile; fileRef = 364A6DB31C83E7AA009F3F54 /* QuikOfferDetailsVC.m */; };
		368F03111C7960DA00A785C5 /* Notifications.storyboard in Resources */ = {isa = PBXBuildFile; fileRef = 368F03101C7960DA00A785C5 /* Notifications.storyboard */; };
		368F03141C79622100A785C5 /* NotificationsVC.m in Sources */ = {isa = PBXBuildFile; fileRef = 368F03131C79622100A785C5 /* NotificationsVC.m */; };
		368F03211C7CE4AE00A785C5 /* Batch.framework in Frameworks */ = {isa = PBXBuildFile; fileRef = 368F03201C7CE4AE00A785C5 /* Batch.framework */; };
		36E57B6E1C72D46B000DEB1E /* AppDelegate.m in Sources */ = {isa = PBXBuildFile; fileRef = 36E57B6D1C72D46B000DEB1E /* AppDelegate.m */; };
		36E57B741C72D46B000DEB1E /* Main.storyboard in Resources */ = {isa = PBXBuildFile; fileRef = 36E57B721C72D46B000DEB1E /* Main.storyboard */; };
		36E57B791C72D46B000DEB1E /* LaunchScreen.storyboard in Resources */ = {isa = PBXBuildFile; fileRef = 36E57B771C72D46B000DEB1E /* LaunchScreen.storyboard */; };
		36E57B821C72E2BE000DEB1E /* LoginViewController.m in Sources */ = {isa = PBXBuildFile; fileRef = 36E57B811C72E2BE000DEB1E /* LoginViewController.m */; };
		36E57B921C7302E6000DEB1E /* FBSDKShareKit.framework in Frameworks */ = {isa = PBXBuildFile; fileRef = 36E57B8F1C7302E6000DEB1E /* FBSDKShareKit.framework */; };
		36E57B931C7302E6000DEB1E /* FBSDKLoginKit.framework in Frameworks */ = {isa = PBXBuildFile; fileRef = 36E57B901C7302E6000DEB1E /* FBSDKLoginKit.framework */; };
		36E57B941C7302E6000DEB1E /* FBSDKCoreKit.framework in Frameworks */ = {isa = PBXBuildFile; fileRef = 36E57B911C7302E6000DEB1E /* FBSDKCoreKit.framework */; };
		36E57B971C739F23000DEB1E /* CreateAccountViewController.m in Sources */ = {isa = PBXBuildFile; fileRef = 36E57B961C739F23000DEB1E /* CreateAccountViewController.m */; };
		36E57B9A1C740795000DEB1E /* InitialViewController.m in Sources */ = {isa = PBXBuildFile; fileRef = 36E57B991C740795000DEB1E /* InitialViewController.m */; };
		BD5E71541C7452F700716E21 /* main.m in Sources */ = {isa = PBXBuildFile; fileRef = 36E57B6A1C72D46B000DEB1E /* main.m */; };
		BD5E71561C75295700716E21 /* MapKit.framework in Frameworks */ = {isa = PBXBuildFile; fileRef = BD5E71551C75295700716E21 /* MapKit.framework */; };
		BD5E71581C75296100716E21 /* CoreLocation.framework in Frameworks */ = {isa = PBXBuildFile; fileRef = BD5E71571C75296100716E21 /* CoreLocation.framework */; };
		BD5E715C1C758E1000716E21 /* LoginViewController.storyboard in Resources */ = {isa = PBXBuildFile; fileRef = BD5E715B1C758E1000716E21 /* LoginViewController.storyboard */; };
		BD6E78461C73E67000C68256 /* QuikVendorHomepageVC.m in Sources */ = {isa = PBXBuildFile; fileRef = BD6E78451C73E67000C68256 /* QuikVendorHomepageVC.m */; };
		BD6E78481C73E6B500C68256 /* QuikVendorHomepage.storyboard in Resources */ = {isa = PBXBuildFile; fileRef = BD6E78471C73E6B500C68256 /* QuikVendorHomepage.storyboard */; };
		BD6E784B1C73E9AD00C68256 /* QuikVendor.m in Sources */ = {isa = PBXBuildFile; fileRef = BD6E784A1C73E9AD00C68256 /* QuikVendor.m */; };
		BD6E784E1C73E9DC00C68256 /* QuikClaim.m in Sources */ = {isa = PBXBuildFile; fileRef = BD6E784D1C73E9DC00C68256 /* QuikClaim.m */; };
		BD6E78511C73F49700C68256 /* QuikVendorCliamDescriptionVC.m in Sources */ = {isa = PBXBuildFile; fileRef = BD6E78501C73F49700C68256 /* QuikVendorCliamDescriptionVC.m */; };
		BD6E78541C73F4D400C68256 /* QuikVendorSendEstimateVC.m in Sources */ = {isa = PBXBuildFile; fileRef = BD6E78531C73F4D400C68256 /* QuikVendorSendEstimateVC.m */; };
		BDFF395F1C7ECDE90092D053 /* QuikClaimDescriptionBigPicVC.m in Sources */ = {isa = PBXBuildFile; fileRef = BDFF395E1C7ECDE90092D053 /* QuikClaimDescriptionBigPicVC.m */; };
		D01127EA1C73C2890051E7EF /* QuikCar.m in Sources */ = {isa = PBXBuildFile; fileRef = D01127E91C73C2890051E7EF /* QuikCar.m */; };
		D01127EF1C73C56F0051E7EF /* QuikUserHomepage.storyboard in Resources */ = {isa = PBXBuildFile; fileRef = D01127EE1C73C56F0051E7EF /* QuikUserHomepage.storyboard */; };
		D01127F21C73C6A50051E7EF /* QuikUserHomepageVC.m in Sources */ = {isa = PBXBuildFile; fileRef = D01127F11C73C6A50051E7EF /* QuikUserHomepageVC.m */; };
		D0151CC41C74F1BC00DF4CC4 /* QuikAddCarVC.m in Sources */ = {isa = PBXBuildFile; fileRef = D0151CC31C74F1BC00DF4CC4 /* QuikAddCarVC.m */; };
		D0151CCC1C74F24900DF4CC4 /* TFHpple.m in Sources */ = {isa = PBXBuildFile; fileRef = D0151CC71C74F24900DF4CC4 /* TFHpple.m */; };
		D0151CCD1C74F24900DF4CC4 /* TFHppleElement.m in Sources */ = {isa = PBXBuildFile; fileRef = D0151CC91C74F24900DF4CC4 /* TFHppleElement.m */; };
		D0151CCE1C74F24900DF4CC4 /* XPathQuery.m in Sources */ = {isa = PBXBuildFile; fileRef = D0151CCA1C74F24900DF4CC4 /* XPathQuery.m */; };
		D0151CD01C74F45E00DF4CC4 /* libxml2.2.dylib in Frameworks */ = {isa = PBXBuildFile; fileRef = D0151CCF1C74F45E00DF4CC4 /* libxml2.2.dylib */; };
		D0151CD61C764AB100DF4CC4 /* QuikDamageListVC.m in Sources */ = {isa = PBXBuildFile; fileRef = D0151CD51C764AB100DF4CC4 /* QuikDamageListVC.m */; };
		D0151CD91C768B2E00DF4CC4 /* AddDamageVC.m in Sources */ = {isa = PBXBuildFile; fileRef = D0151CD81C768B2E00DF4CC4 /* AddDamageVC.m */; };
		D0151D171C77FDB400DF4CC4 /* AFTableViewCell.m in Sources */ = {isa = PBXBuildFile; fileRef = D0151D161C77FDB400DF4CC4 /* AFTableViewCell.m */; };
		D0151D1A1C7963DC00DF4CC4 /* QuikUserImagePickerVC.m in Sources */ = {isa = PBXBuildFile; fileRef = D0151D191C7963DC00DF4CC4 /* QuikUserImagePickerVC.m */; };
		D0151D1F1C7F9C1F00DF4CC4 /* QuikCarTableViewCell.m in Sources */ = {isa = PBXBuildFile; fileRef = D0151D1E1C7F9C1F00DF4CC4 /* QuikCarTableViewCell.m */; };
		D04E7AFC1C82C4D800659E48 /* Assets 22-00-33-896.xcassets in Resources */ = {isa = PBXBuildFile; fileRef = D04E7AFB1C82C4D800659E48 /* Assets 22-00-33-896.xcassets */; };
/* End PBXBuildFile section */

/* Begin PBXFileReference section */
		1209437E249E004225786735 /* Pods.debug.xcconfig */ = {isa = PBXFileReference; includeInIndex = 1; lastKnownFileType = text.xcconfig; name = Pods.debug.xcconfig; path = "Pods/Target Support Files/Pods/Pods.debug.xcconfig"; sourceTree = "<group>"; };
		364A6DAF1C812254009F3F54 /* QuikOffers.h */ = {isa = PBXFileReference; fileEncoding = 4; lastKnownFileType = sourcecode.c.h; path = QuikOffers.h; sourceTree = "<group>"; };
		364A6DB01C812254009F3F54 /* QuikOffers.m */ = {isa = PBXFileReference; fileEncoding = 4; lastKnownFileType = sourcecode.c.objc; path = QuikOffers.m; sourceTree = "<group>"; };
		364A6DB21C83E7AA009F3F54 /* QuikOfferDetailsVC.h */ = {isa = PBXFileReference; fileEncoding = 4; lastKnownFileType = sourcecode.c.h; path = QuikOfferDetailsVC.h; sourceTree = "<group>"; };
		364A6DB31C83E7AA009F3F54 /* QuikOfferDetailsVC.m */ = {isa = PBXFileReference; fileEncoding = 4; lastKnownFileType = sourcecode.c.objc; path = QuikOfferDetailsVC.m; sourceTree = "<group>"; };
		368F03101C7960DA00A785C5 /* Notifications.storyboard */ = {isa = PBXFileReference; fileEncoding = 4; lastKnownFileType = file.storyboard; path = Notifications.storyboard; sourceTree = "<group>"; };
		368F03121C79622100A785C5 /* NotificationsVC.h */ = {isa = PBXFileReference; fileEncoding = 4; lastKnownFileType = sourcecode.c.h; path = NotificationsVC.h; sourceTree = "<group>"; };
		368F03131C79622100A785C5 /* NotificationsVC.m */ = {isa = PBXFileReference; fileEncoding = 4; lastKnownFileType = sourcecode.c.objc; path = NotificationsVC.m; sourceTree = "<group>"; };
		368F03201C7CE4AE00A785C5 /* Batch.framework */ = {isa = PBXFileReference; lastKnownFileType = wrapper.framework; name = Batch.framework; path = Pods/Batch/Batch.embeddedframework/Batch.framework; sourceTree = "<group>"; };
		36E57B661C72D46B000DEB1E /* QuikFix.app */ = {isa = PBXFileReference; explicitFileType = wrapper.application; includeInIndex = 0; path = QuikFix.app; sourceTree = BUILT_PRODUCTS_DIR; };
		36E57B6A1C72D46B000DEB1E /* main.m */ = {isa = PBXFileReference; lastKnownFileType = sourcecode.c.objc; path = main.m; sourceTree = "<group>"; };
		36E57B6C1C72D46B000DEB1E /* AppDelegate.h */ = {isa = PBXFileReference; lastKnownFileType = sourcecode.c.h; path = AppDelegate.h; sourceTree = "<group>"; };
		36E57B6D1C72D46B000DEB1E /* AppDelegate.m */ = {isa = PBXFileReference; lastKnownFileType = sourcecode.c.objc; path = AppDelegate.m; sourceTree = "<group>"; };
		36E57B731C72D46B000DEB1E /* Base */ = {isa = PBXFileReference; lastKnownFileType = file.storyboard; name = Base; path = Base.lproj/Main.storyboard; sourceTree = "<group>"; };
		36E57B781C72D46B000DEB1E /* Base */ = {isa = PBXFileReference; lastKnownFileType = file.storyboard; name = Base; path = Base.lproj/LaunchScreen.storyboard; sourceTree = "<group>"; };
		36E57B7A1C72D46B000DEB1E /* Info.plist */ = {isa = PBXFileReference; lastKnownFileType = text.plist.xml; path = Info.plist; sourceTree = "<group>"; };
		36E57B801C72E2BE000DEB1E /* LoginViewController.h */ = {isa = PBXFileReference; fileEncoding = 4; lastKnownFileType = sourcecode.c.h; path = LoginViewController.h; sourceTree = "<group>"; };
		36E57B811C72E2BE000DEB1E /* LoginViewController.m */ = {isa = PBXFileReference; fileEncoding = 4; lastKnownFileType = sourcecode.c.objc; path = LoginViewController.m; sourceTree = "<group>"; };
		36E57B8F1C7302E6000DEB1E /* FBSDKShareKit.framework */ = {isa = PBXFileReference; lastKnownFileType = wrapper.framework; path = FBSDKShareKit.framework; sourceTree = "<group>"; };
		36E57B901C7302E6000DEB1E /* FBSDKLoginKit.framework */ = {isa = PBXFileReference; lastKnownFileType = wrapper.framework; path = FBSDKLoginKit.framework; sourceTree = "<group>"; };
		36E57B911C7302E6000DEB1E /* FBSDKCoreKit.framework */ = {isa = PBXFileReference; lastKnownFileType = wrapper.framework; path = FBSDKCoreKit.framework; sourceTree = "<group>"; };
		36E57B951C739F23000DEB1E /* CreateAccountViewController.h */ = {isa = PBXFileReference; fileEncoding = 4; lastKnownFileType = sourcecode.c.h; path = CreateAccountViewController.h; sourceTree = "<group>"; };
		36E57B961C739F23000DEB1E /* CreateAccountViewController.m */ = {isa = PBXFileReference; fileEncoding = 4; lastKnownFileType = sourcecode.c.objc; path = CreateAccountViewController.m; sourceTree = "<group>"; };
		36E57B981C740795000DEB1E /* InitialViewController.h */ = {isa = PBXFileReference; fileEncoding = 4; lastKnownFileType = sourcecode.c.h; path = InitialViewController.h; sourceTree = "<group>"; };
		36E57B991C740795000DEB1E /* InitialViewController.m */ = {isa = PBXFileReference; fileEncoding = 4; lastKnownFileType = sourcecode.c.objc; path = InitialViewController.m; sourceTree = "<group>"; };
		771C706DCD88DB34931B3738 /* Pods.release.xcconfig */ = {isa = PBXFileReference; includeInIndex = 1; lastKnownFileType = text.xcconfig; name = Pods.release.xcconfig; path = "Pods/Target Support Files/Pods/Pods.release.xcconfig"; sourceTree = "<group>"; };
		BD5E71551C75295700716E21 /* MapKit.framework */ = {isa = PBXFileReference; lastKnownFileType = wrapper.framework; name = MapKit.framework; path = System/Library/Frameworks/MapKit.framework; sourceTree = SDKROOT; };
		BD5E71571C75296100716E21 /* CoreLocation.framework */ = {isa = PBXFileReference; lastKnownFileType = wrapper.framework; name = CoreLocation.framework; path = System/Library/Frameworks/CoreLocation.framework; sourceTree = SDKROOT; };
		BD5E715B1C758E1000716E21 /* LoginViewController.storyboard */ = {isa = PBXFileReference; fileEncoding = 4; lastKnownFileType = file.storyboard; path = LoginViewController.storyboard; sourceTree = "<group>"; };
		BD6E78441C73E67000C68256 /* QuikVendorHomepageVC.h */ = {isa = PBXFileReference; fileEncoding = 4; lastKnownFileType = sourcecode.c.h; path = QuikVendorHomepageVC.h; sourceTree = "<group>"; };
		BD6E78451C73E67000C68256 /* QuikVendorHomepageVC.m */ = {isa = PBXFileReference; fileEncoding = 4; lastKnownFileType = sourcecode.c.objc; path = QuikVendorHomepageVC.m; sourceTree = "<group>"; };
		BD6E78471C73E6B500C68256 /* QuikVendorHomepage.storyboard */ = {isa = PBXFileReference; fileEncoding = 4; lastKnownFileType = file.storyboard; name = QuikVendorHomepage.storyboard; path = ../QuikVendorHomepage.storyboard; sourceTree = "<group>"; };
		BD6E78491C73E9AD00C68256 /* QuikVendor.h */ = {isa = PBXFileReference; fileEncoding = 4; lastKnownFileType = sourcecode.c.h; name = QuikVendor.h; path = QuikFix/QuikVendor.h; sourceTree = "<group>"; };
		BD6E784A1C73E9AD00C68256 /* QuikVendor.m */ = {isa = PBXFileReference; fileEncoding = 4; lastKnownFileType = sourcecode.c.objc; name = QuikVendor.m; path = QuikFix/QuikVendor.m; sourceTree = "<group>"; };
		BD6E784C1C73E9DC00C68256 /* QuikClaim.h */ = {isa = PBXFileReference; fileEncoding = 4; lastKnownFileType = sourcecode.c.h; name = QuikClaim.h; path = QuikFix/QuikClaim.h; sourceTree = "<group>"; };
		BD6E784D1C73E9DC00C68256 /* QuikClaim.m */ = {isa = PBXFileReference; fileEncoding = 4; lastKnownFileType = sourcecode.c.objc; name = QuikClaim.m; path = QuikFix/QuikClaim.m; sourceTree = "<group>"; };
		BD6E784F1C73F49700C68256 /* QuikVendorCliamDescriptionVC.h */ = {isa = PBXFileReference; fileEncoding = 4; lastKnownFileType = sourcecode.c.h; path = QuikVendorCliamDescriptionVC.h; sourceTree = "<group>"; };
		BD6E78501C73F49700C68256 /* QuikVendorCliamDescriptionVC.m */ = {isa = PBXFileReference; fileEncoding = 4; lastKnownFileType = sourcecode.c.objc; path = QuikVendorCliamDescriptionVC.m; sourceTree = "<group>"; };
		BD6E78521C73F4D400C68256 /* QuikVendorSendEstimateVC.h */ = {isa = PBXFileReference; fileEncoding = 4; lastKnownFileType = sourcecode.c.h; path = QuikVendorSendEstimateVC.h; sourceTree = "<group>"; };
		BD6E78531C73F4D400C68256 /* QuikVendorSendEstimateVC.m */ = {isa = PBXFileReference; fileEncoding = 4; lastKnownFileType = sourcecode.c.objc; path = QuikVendorSendEstimateVC.m; sourceTree = "<group>"; };
		BDFF395D1C7ECDE90092D053 /* QuikClaimDescriptionBigPicVC.h */ = {isa = PBXFileReference; fileEncoding = 4; lastKnownFileType = sourcecode.c.h; path = QuikClaimDescriptionBigPicVC.h; sourceTree = "<group>"; };
		BDFF395E1C7ECDE90092D053 /* QuikClaimDescriptionBigPicVC.m */ = {isa = PBXFileReference; fileEncoding = 4; lastKnownFileType = sourcecode.c.objc; path = QuikClaimDescriptionBigPicVC.m; sourceTree = "<group>"; };
		C25AAE528576EBAC209E60CE /* libPods.a */ = {isa = PBXFileReference; explicitFileType = archive.ar; includeInIndex = 0; path = libPods.a; sourceTree = BUILT_PRODUCTS_DIR; };
		D01127E81C73C2890051E7EF /* QuikCar.h */ = {isa = PBXFileReference; fileEncoding = 4; lastKnownFileType = sourcecode.c.h; name = QuikCar.h; path = QuikFix/QuikCar.h; sourceTree = "<group>"; };
		D01127E91C73C2890051E7EF /* QuikCar.m */ = {isa = PBXFileReference; fileEncoding = 4; lastKnownFileType = sourcecode.c.objc; name = QuikCar.m; path = QuikFix/QuikCar.m; sourceTree = "<group>"; };
		D01127EB1C73C3150051E7EF /* QuikUser.h */ = {isa = PBXFileReference; fileEncoding = 4; lastKnownFileType = sourcecode.c.h; name = QuikUser.h; path = QuikFix/QuikUser.h; sourceTree = "<group>"; };
		D01127EC1C73C3150051E7EF /* QuikUser.m */ = {isa = PBXFileReference; fileEncoding = 4; lastKnownFileType = sourcecode.c.objc; name = QuikUser.m; path = QuikFix/QuikUser.m; sourceTree = "<group>"; };
		D01127EE1C73C56F0051E7EF /* QuikUserHomepage.storyboard */ = {isa = PBXFileReference; fileEncoding = 4; lastKnownFileType = file.storyboard; path = QuikUserHomepage.storyboard; sourceTree = "<group>"; };
		D01127F01C73C6A50051E7EF /* QuikUserHomepageVC.h */ = {isa = PBXFileReference; fileEncoding = 4; lastKnownFileType = sourcecode.c.h; path = QuikUserHomepageVC.h; sourceTree = "<group>"; };
		D01127F11C73C6A50051E7EF /* QuikUserHomepageVC.m */ = {isa = PBXFileReference; fileEncoding = 4; lastKnownFileType = sourcecode.c.objc; path = QuikUserHomepageVC.m; sourceTree = "<group>"; };
		D0151CC21C74F1BC00DF4CC4 /* QuikAddCarVC.h */ = {isa = PBXFileReference; fileEncoding = 4; lastKnownFileType = sourcecode.c.h; path = QuikAddCarVC.h; sourceTree = "<group>"; };
		D0151CC31C74F1BC00DF4CC4 /* QuikAddCarVC.m */ = {isa = PBXFileReference; fileEncoding = 4; lastKnownFileType = sourcecode.c.objc; path = QuikAddCarVC.m; sourceTree = "<group>"; };
		D0151CC61C74F24900DF4CC4 /* TFHpple.h */ = {isa = PBXFileReference; fileEncoding = 4; lastKnownFileType = sourcecode.c.h; path = TFHpple.h; sourceTree = "<group>"; };
		D0151CC71C74F24900DF4CC4 /* TFHpple.m */ = {isa = PBXFileReference; fileEncoding = 4; lastKnownFileType = sourcecode.c.objc; path = TFHpple.m; sourceTree = "<group>"; };
		D0151CC81C74F24900DF4CC4 /* TFHppleElement.h */ = {isa = PBXFileReference; fileEncoding = 4; lastKnownFileType = sourcecode.c.h; path = TFHppleElement.h; sourceTree = "<group>"; };
		D0151CC91C74F24900DF4CC4 /* TFHppleElement.m */ = {isa = PBXFileReference; fileEncoding = 4; lastKnownFileType = sourcecode.c.objc; path = TFHppleElement.m; sourceTree = "<group>"; };
		D0151CCA1C74F24900DF4CC4 /* XPathQuery.m */ = {isa = PBXFileReference; fileEncoding = 4; lastKnownFileType = sourcecode.c.objc; path = XPathQuery.m; sourceTree = "<group>"; };
		D0151CCB1C74F24900DF4CC4 /* XPathQuery.h */ = {isa = PBXFileReference; fileEncoding = 4; lastKnownFileType = sourcecode.c.h; path = XPathQuery.h; sourceTree = "<group>"; };
		D0151CCF1C74F45E00DF4CC4 /* libxml2.2.dylib */ = {isa = PBXFileReference; lastKnownFileType = "compiled.mach-o.dylib"; name = libxml2.2.dylib; path = ../../../../../usr/lib/libxml2.2.dylib; sourceTree = "<group>"; };
		D0151CD41C764AB100DF4CC4 /* QuikDamageListVC.h */ = {isa = PBXFileReference; fileEncoding = 4; lastKnownFileType = sourcecode.c.h; path = QuikDamageListVC.h; sourceTree = "<group>"; };
		D0151CD51C764AB100DF4CC4 /* QuikDamageListVC.m */ = {isa = PBXFileReference; fileEncoding = 4; lastKnownFileType = sourcecode.c.objc; path = QuikDamageListVC.m; sourceTree = "<group>"; };
		D0151CD71C768B2E00DF4CC4 /* AddDamageVC.h */ = {isa = PBXFileReference; fileEncoding = 4; lastKnownFileType = sourcecode.c.h; path = AddDamageVC.h; sourceTree = "<group>"; };
		D0151CD81C768B2E00DF4CC4 /* AddDamageVC.m */ = {isa = PBXFileReference; fileEncoding = 4; lastKnownFileType = sourcecode.c.objc; path = AddDamageVC.m; sourceTree = "<group>"; };
		D0151D151C77FDB400DF4CC4 /* AFTableViewCell.h */ = {isa = PBXFileReference; fileEncoding = 4; lastKnownFileType = sourcecode.c.h; path = AFTableViewCell.h; sourceTree = "<group>"; };
		D0151D161C77FDB400DF4CC4 /* AFTableViewCell.m */ = {isa = PBXFileReference; fileEncoding = 4; lastKnownFileType = sourcecode.c.objc; path = AFTableViewCell.m; sourceTree = "<group>"; };
		D0151D181C7963DC00DF4CC4 /* QuikUserImagePickerVC.h */ = {isa = PBXFileReference; fileEncoding = 4; lastKnownFileType = sourcecode.c.h; path = QuikUserImagePickerVC.h; sourceTree = "<group>"; };
		D0151D191C7963DC00DF4CC4 /* QuikUserImagePickerVC.m */ = {isa = PBXFileReference; fileEncoding = 4; lastKnownFileType = sourcecode.c.objc; path = QuikUserImagePickerVC.m; sourceTree = "<group>"; };
		D0151D1D1C7F9C1F00DF4CC4 /* QuikCarTableViewCell.h */ = {isa = PBXFileReference; fileEncoding = 4; lastKnownFileType = sourcecode.c.h; path = QuikCarTableViewCell.h; sourceTree = "<group>"; };
		D0151D1E1C7F9C1F00DF4CC4 /* QuikCarTableViewCell.m */ = {isa = PBXFileReference; fileEncoding = 4; lastKnownFileType = sourcecode.c.objc; path = QuikCarTableViewCell.m; sourceTree = "<group>"; };
		D04E7AFB1C82C4D800659E48 /* Assets 22-00-33-896.xcassets */ = {isa = PBXFileReference; lastKnownFileType = folder.assetcatalog; path = "Assets 22-00-33-896.xcassets"; sourceTree = "<group>"; };
/* End PBXFileReference section */

/* Begin PBXFrameworksBuildPhase section */
		36E57B631C72D46B000DEB1E /* Frameworks */ = {
			isa = PBXFrameworksBuildPhase;
			buildActionMask = 2147483647;
			files = (
				368F03211C7CE4AE00A785C5 /* Batch.framework in Frameworks */,
				BD5E71581C75296100716E21 /* CoreLocation.framework in Frameworks */,
				BD5E71561C75295700716E21 /* MapKit.framework in Frameworks */,
				D0151CD01C74F45E00DF4CC4 /* libxml2.2.dylib in Frameworks */,
				36E57B921C7302E6000DEB1E /* FBSDKShareKit.framework in Frameworks */,
				36E57B941C7302E6000DEB1E /* FBSDKCoreKit.framework in Frameworks */,
				07AB6352E467CF0405949481 /* libPods.a in Frameworks */,
				36E57B931C7302E6000DEB1E /* FBSDKLoginKit.framework in Frameworks */,
			);
			runOnlyForDeploymentPostprocessing = 0;
		};
/* End PBXFrameworksBuildPhase section */

/* Begin PBXGroup section */
		36E57B5D1C72D46B000DEB1E = {
			isa = PBXGroup;
			children = (
				36E57B681C72D46B000DEB1E /* QuikFix */,
				D04E7AFB1C82C4D800659E48 /* Assets 22-00-33-896.xcassets */,
				36E57B671C72D46B000DEB1E /* Products */,
				D615B691160607FC1B8EF534 /* Pods */,
				8E41E5E215C8C38294163A02 /* Frameworks */,
			);
			sourceTree = "<group>";
		};
		36E57B671C72D46B000DEB1E /* Products */ = {
			isa = PBXGroup;
			children = (
				36E57B661C72D46B000DEB1E /* QuikFix.app */,
			);
			name = Products;
			sourceTree = "<group>";
		};
		36E57B681C72D46B000DEB1E /* QuikFix */ = {
			isa = PBXGroup;
			children = (
				D0151CD31C74F86800DF4CC4 /* Model */,
				D0151CD21C74F84400DF4CC4 /* View */,
				D0151CD11C74F83F00DF4CC4 /* Controller */,
				D0151CDD1C77B07500DF4CC4 /* AFTabledCollectionView */,
				D0151CC51C74F22F00DF4CC4 /* HTPPLE */,
				36E57B691C72D46B000DEB1E /* Supporting Files */,
			);
			path = QuikFix;
			sourceTree = "<group>";
		};
		36E57B691C72D46B000DEB1E /* Supporting Files */ = {
			isa = PBXGroup;
			children = (
				36E57B6C1C72D46B000DEB1E /* AppDelegate.h */,
				36E57B6D1C72D46B000DEB1E /* AppDelegate.m */,
				36E57B6A1C72D46B000DEB1E /* main.m */,
				36E57B7A1C72D46B000DEB1E /* Info.plist */,
				36E57B771C72D46B000DEB1E /* LaunchScreen.storyboard */,
			);
			name = "Supporting Files";
			sourceTree = "<group>";
		};
		8E41E5E215C8C38294163A02 /* Frameworks */ = {
			isa = PBXGroup;
			children = (
				368F03201C7CE4AE00A785C5 /* Batch.framework */,
				BD5E71571C75296100716E21 /* CoreLocation.framework */,
				BD5E71551C75295700716E21 /* MapKit.framework */,
				D0151CCF1C74F45E00DF4CC4 /* libxml2.2.dylib */,
				36E57B8F1C7302E6000DEB1E /* FBSDKShareKit.framework */,
				36E57B901C7302E6000DEB1E /* FBSDKLoginKit.framework */,
				36E57B911C7302E6000DEB1E /* FBSDKCoreKit.framework */,
				C25AAE528576EBAC209E60CE /* libPods.a */,
			);
			name = Frameworks;
			sourceTree = "<group>";
		};
		D0151CC51C74F22F00DF4CC4 /* HTPPLE */ = {
			isa = PBXGroup;
			children = (
				D0151CC61C74F24900DF4CC4 /* TFHpple.h */,
				D0151CC71C74F24900DF4CC4 /* TFHpple.m */,
				D0151CC81C74F24900DF4CC4 /* TFHppleElement.h */,
				D0151CC91C74F24900DF4CC4 /* TFHppleElement.m */,
				D0151CCA1C74F24900DF4CC4 /* XPathQuery.m */,
				D0151CCB1C74F24900DF4CC4 /* XPathQuery.h */,
			);
			name = HTPPLE;
			sourceTree = "<group>";
		};
		D0151CD11C74F83F00DF4CC4 /* Controller */ = {
			isa = PBXGroup;
			children = (
				D0151CDA1C768B3900DF4CC4 /* Login */,
				D0151CDB1C768B6C00DF4CC4 /* User */,
				D0151CDC1C768B9300DF4CC4 /* Vendor */,
			);
			name = Controller;
			sourceTree = "<group>";
		};
		D0151CD21C74F84400DF4CC4 /* View */ = {
			isa = PBXGroup;
			children = (
				36E57B721C72D46B000DEB1E /* Main.storyboard */,
				BD5E715B1C758E1000716E21 /* LoginViewController.storyboard */,
				D01127EE1C73C56F0051E7EF /* QuikUserHomepage.storyboard */,
				BD6E78471C73E6B500C68256 /* QuikVendorHomepage.storyboard */,
				368F03101C7960DA00A785C5 /* Notifications.storyboard */,
			);
			name = View;
			sourceTree = "<group>";
		};
		D0151CD31C74F86800DF4CC4 /* Model */ = {
			isa = PBXGroup;
			children = (
				364A6DAF1C812254009F3F54 /* QuikOffers.h */,
				364A6DB01C812254009F3F54 /* QuikOffers.m */,
				D01127E81C73C2890051E7EF /* QuikCar.h */,
				D01127E91C73C2890051E7EF /* QuikCar.m */,
				D01127EB1C73C3150051E7EF /* QuikUser.h */,
				D01127EC1C73C3150051E7EF /* QuikUser.m */,
				BD6E78491C73E9AD00C68256 /* QuikVendor.h */,
				BD6E784A1C73E9AD00C68256 /* QuikVendor.m */,
				BD6E784C1C73E9DC00C68256 /* QuikClaim.h */,
				BD6E784D1C73E9DC00C68256 /* QuikClaim.m */,
			);
			name = Model;
			path = ..;
			sourceTree = "<group>";
		};
		D0151CDA1C768B3900DF4CC4 /* Login */ = {
			isa = PBXGroup;
			children = (
				36E57B981C740795000DEB1E /* InitialViewController.h */,
				36E57B991C740795000DEB1E /* InitialViewController.m */,
				36E57B801C72E2BE000DEB1E /* LoginViewController.h */,
				36E57B811C72E2BE000DEB1E /* LoginViewController.m */,
				36E57B951C739F23000DEB1E /* CreateAccountViewController.h */,
				36E57B961C739F23000DEB1E /* CreateAccountViewController.m */,
			);
			name = Login;
			sourceTree = "<group>";
		};
		D0151CDB1C768B6C00DF4CC4 /* User */ = {
			isa = PBXGroup;
			children = (
				364A6DB21C83E7AA009F3F54 /* QuikOfferDetailsVC.h */,
				364A6DB31C83E7AA009F3F54 /* QuikOfferDetailsVC.m */,
				368F03121C79622100A785C5 /* NotificationsVC.h */,
				368F03131C79622100A785C5 /* NotificationsVC.m */,
				D01127F01C73C6A50051E7EF /* QuikUserHomepageVC.h */,
				D01127F11C73C6A50051E7EF /* QuikUserHomepageVC.m */,
				D0151CC21C74F1BC00DF4CC4 /* QuikAddCarVC.h */,
				D0151CC31C74F1BC00DF4CC4 /* QuikAddCarVC.m */,
				D0151CD41C764AB100DF4CC4 /* QuikDamageListVC.h */,
				D0151CD51C764AB100DF4CC4 /* QuikDamageListVC.m */,
				D0151CD71C768B2E00DF4CC4 /* AddDamageVC.h */,
				D0151CD81C768B2E00DF4CC4 /* AddDamageVC.m */,
				D0151D181C7963DC00DF4CC4 /* QuikUserImagePickerVC.h */,
				D0151D191C7963DC00DF4CC4 /* QuikUserImagePickerVC.m */,
				D0151D1D1C7F9C1F00DF4CC4 /* QuikCarTableViewCell.h */,
				D0151D1E1C7F9C1F00DF4CC4 /* QuikCarTableViewCell.m */,
			);
			name = User;
			sourceTree = "<group>";
		};
		D0151CDC1C768B9300DF4CC4 /* Vendor */ = {
			isa = PBXGroup;
			children = (
				BD6E78521C73F4D400C68256 /* QuikVendorSendEstimateVC.h */,
				BD6E78531C73F4D400C68256 /* QuikVendorSendEstimateVC.m */,
				BD6E78441C73E67000C68256 /* QuikVendorHomepageVC.h */,
				BD6E78451C73E67000C68256 /* QuikVendorHomepageVC.m */,
				BD6E784F1C73F49700C68256 /* QuikVendorCliamDescriptionVC.h */,
				BD6E78501C73F49700C68256 /* QuikVendorCliamDescriptionVC.m */,
				BDFF395D1C7ECDE90092D053 /* QuikClaimDescriptionBigPicVC.h */,
				BDFF395E1C7ECDE90092D053 /* QuikClaimDescriptionBigPicVC.m */,
			);
			name = Vendor;
			sourceTree = "<group>";
		};
		D0151CDD1C77B07500DF4CC4 /* AFTabledCollectionView */ = {
			isa = PBXGroup;
			children = (
				D0151D151C77FDB400DF4CC4 /* AFTableViewCell.h */,
				D0151D161C77FDB400DF4CC4 /* AFTableViewCell.m */,
			);
			name = AFTabledCollectionView;
			sourceTree = "<group>";
		};
		D615B691160607FC1B8EF534 /* Pods */ = {
			isa = PBXGroup;
			children = (
				1209437E249E004225786735 /* Pods.debug.xcconfig */,
				771C706DCD88DB34931B3738 /* Pods.release.xcconfig */,
			);
			name = Pods;
			sourceTree = "<group>";
		};
/* End PBXGroup section */

/* Begin PBXNativeTarget section */
		36E57B651C72D46B000DEB1E /* QuikFix */ = {
			isa = PBXNativeTarget;
			buildConfigurationList = 36E57B7D1C72D46B000DEB1E /* Build configuration list for PBXNativeTarget "QuikFix" */;
			buildPhases = (
				EE3E9C9258BFE699C6242B21 /* Check Pods Manifest.lock */,
				36E57B621C72D46B000DEB1E /* Sources */,
				36E57B631C72D46B000DEB1E /* Frameworks */,
				36E57B641C72D46B000DEB1E /* Resources */,
				14D68349D562AB8F06091C85 /* Embed Pods Frameworks */,
				C1585BB9656EECB4C9BCC38A /* Copy Pods Resources */,
			);
			buildRules = (
			);
			dependencies = (
			);
			name = QuikFix;
			productName = QuikFix;
			productReference = 36E57B661C72D46B000DEB1E /* QuikFix.app */;
			productType = "com.apple.product-type.application";
		};
/* End PBXNativeTarget section */

/* Begin PBXProject section */
		36E57B5E1C72D46B000DEB1E /* Project object */ = {
			isa = PBXProject;
			attributes = {
				LastUpgradeCheck = 0720;
				ORGANIZATIONNAME = "Susan Salas";
				TargetAttributes = {
					36E57B651C72D46B000DEB1E = {
						CreatedOnToolsVersion = 7.2;
						DevelopmentTeam = TX9H52K7VN;
					};
				};
			};
			buildConfigurationList = 36E57B611C72D46B000DEB1E /* Build configuration list for PBXProject "QuikFix" */;
			compatibilityVersion = "Xcode 3.2";
			developmentRegion = English;
			hasScannedForEncodings = 0;
			knownRegions = (
				en,
				Base,
			);
			mainGroup = 36E57B5D1C72D46B000DEB1E;
			productRefGroup = 36E57B671C72D46B000DEB1E /* Products */;
			projectDirPath = "";
			projectRoot = "";
			targets = (
				36E57B651C72D46B000DEB1E /* QuikFix */,
			);
		};
/* End PBXProject section */

/* Begin PBXResourcesBuildPhase section */
		36E57B641C72D46B000DEB1E /* Resources */ = {
			isa = PBXResourcesBuildPhase;
			buildActionMask = 2147483647;
			files = (
				BD6E78481C73E6B500C68256 /* QuikVendorHomepage.storyboard in Resources */,
				36E57B791C72D46B000DEB1E /* LaunchScreen.storyboard in Resources */,
				D01127EF1C73C56F0051E7EF /* QuikUserHomepage.storyboard in Resources */,
				D04E7AFC1C82C4D800659E48 /* Assets 22-00-33-896.xcassets in Resources */,
				BD5E715C1C758E1000716E21 /* LoginViewController.storyboard in Resources */,
				368F03111C7960DA00A785C5 /* Notifications.storyboard in Resources */,
				36E57B741C72D46B000DEB1E /* Main.storyboard in Resources */,
			);
			runOnlyForDeploymentPostprocessing = 0;
		};
/* End PBXResourcesBuildPhase section */

/* Begin PBXShellScriptBuildPhase section */
		14D68349D562AB8F06091C85 /* Embed Pods Frameworks */ = {
			isa = PBXShellScriptBuildPhase;
			buildActionMask = 2147483647;
			files = (
			);
			inputPaths = (
			);
			name = "Embed Pods Frameworks";
			outputPaths = (
			);
			runOnlyForDeploymentPostprocessing = 0;
			shellPath = /bin/sh;
			shellScript = "\"${SRCROOT}/Pods/Target Support Files/Pods/Pods-frameworks.sh\"\n";
			showEnvVarsInLog = 0;
		};
		C1585BB9656EECB4C9BCC38A /* Copy Pods Resources */ = {
			isa = PBXShellScriptBuildPhase;
			buildActionMask = 2147483647;
			files = (
			);
			inputPaths = (
			);
			name = "Copy Pods Resources";
			outputPaths = (
			);
			runOnlyForDeploymentPostprocessing = 0;
			shellPath = /bin/sh;
			shellScript = "\"${SRCROOT}/Pods/Target Support Files/Pods/Pods-resources.sh\"\n";
			showEnvVarsInLog = 0;
		};
		EE3E9C9258BFE699C6242B21 /* Check Pods Manifest.lock */ = {
			isa = PBXShellScriptBuildPhase;
			buildActionMask = 2147483647;
			files = (
			);
			inputPaths = (
			);
			name = "Check Pods Manifest.lock";
			outputPaths = (
			);
			runOnlyForDeploymentPostprocessing = 0;
			shellPath = /bin/sh;
			shellScript = "diff \"${PODS_ROOT}/../Podfile.lock\" \"${PODS_ROOT}/Manifest.lock\" > /dev/null\nif [[ $? != 0 ]] ; then\n    cat << EOM\nerror: The sandbox is not in sync with the Podfile.lock. Run 'pod install' or update your CocoaPods installation.\nEOM\n    exit 1\nfi\n";
			showEnvVarsInLog = 0;
		};
/* End PBXShellScriptBuildPhase section */

/* Begin PBXSourcesBuildPhase section */
		36E57B621C72D46B000DEB1E /* Sources */ = {
			isa = PBXSourcesBuildPhase;
			buildActionMask = 2147483647;
			files = (
				363D0EC61C7562010032DDE1 /* QuikUser.m in Sources */,
				D0151D1A1C7963DC00DF4CC4 /* QuikUserImagePickerVC.m in Sources */,
				D0151D1F1C7F9C1F00DF4CC4 /* QuikCarTableViewCell.m in Sources */,
				D0151CD61C764AB100DF4CC4 /* QuikDamageListVC.m in Sources */,
				BD5E71541C7452F700716E21 /* main.m in Sources */,
				36E57B971C739F23000DEB1E /* CreateAccountViewController.m in Sources */,
				D0151CCE1C74F24900DF4CC4 /* XPathQuery.m in Sources */,
				D01127EA1C73C2890051E7EF /* QuikCar.m in Sources */,
				D0151CCC1C74F24900DF4CC4 /* TFHpple.m in Sources */,
				BDFF395F1C7ECDE90092D053 /* QuikClaimDescriptionBigPicVC.m in Sources */,
				364A6DB41C83E7AA009F3F54 /* QuikOfferDetailsVC.m in Sources */,
				36E57B6E1C72D46B000DEB1E /* AppDelegate.m in Sources */,
				BD6E78511C73F49700C68256 /* QuikVendorCliamDescriptionVC.m in Sources */,
				BD6E78461C73E67000C68256 /* QuikVendorHomepageVC.m in Sources */,
				D0151D171C77FDB400DF4CC4 /* AFTableViewCell.m in Sources */,
				BD6E78541C73F4D400C68256 /* QuikVendorSendEstimateVC.m in Sources */,
				364A6DB11C812254009F3F54 /* QuikOffers.m in Sources */,
				368F03141C79622100A785C5 /* NotificationsVC.m in Sources */,
				36E57B9A1C740795000DEB1E /* InitialViewController.m in Sources */,
				D0151CCD1C74F24900DF4CC4 /* TFHppleElement.m in Sources */,
				36E57B821C72E2BE000DEB1E /* LoginViewController.m in Sources */,
				D01127F21C73C6A50051E7EF /* QuikUserHomepageVC.m in Sources */,
				BD6E784E1C73E9DC00C68256 /* QuikClaim.m in Sources */,
				BD6E784B1C73E9AD00C68256 /* QuikVendor.m in Sources */,
				D0151CC41C74F1BC00DF4CC4 /* QuikAddCarVC.m in Sources */,
				D0151CD91C768B2E00DF4CC4 /* AddDamageVC.m in Sources */,
			);
			runOnlyForDeploymentPostprocessing = 0;
		};
/* End PBXSourcesBuildPhase section */

/* Begin PBXVariantGroup section */
		36E57B721C72D46B000DEB1E /* Main.storyboard */ = {
			isa = PBXVariantGroup;
			children = (
				36E57B731C72D46B000DEB1E /* Base */,
			);
			name = Main.storyboard;
			sourceTree = "<group>";
		};
		36E57B771C72D46B000DEB1E /* LaunchScreen.storyboard */ = {
			isa = PBXVariantGroup;
			children = (
				36E57B781C72D46B000DEB1E /* Base */,
			);
			name = LaunchScreen.storyboard;
			sourceTree = "<group>";
		};
/* End PBXVariantGroup section */

/* Begin XCBuildConfiguration section */
		36E57B7B1C72D46B000DEB1E /* Debug */ = {
			isa = XCBuildConfiguration;
			buildSettings = {
				ALWAYS_SEARCH_USER_PATHS = NO;
				CLANG_CXX_LANGUAGE_STANDARD = "gnu++0x";
				CLANG_CXX_LIBRARY = "libc++";
				CLANG_ENABLE_MODULES = YES;
				CLANG_ENABLE_OBJC_ARC = YES;
				CLANG_WARN_BOOL_CONVERSION = YES;
				CLANG_WARN_CONSTANT_CONVERSION = YES;
				CLANG_WARN_DIRECT_OBJC_ISA_USAGE = YES_ERROR;
				CLANG_WARN_EMPTY_BODY = YES;
				CLANG_WARN_ENUM_CONVERSION = YES;
				CLANG_WARN_INT_CONVERSION = YES;
				CLANG_WARN_OBJC_ROOT_CLASS = YES_ERROR;
				CLANG_WARN_UNREACHABLE_CODE = YES;
				CLANG_WARN__DUPLICATE_METHOD_MATCH = YES;
				"CODE_SIGN_IDENTITY[sdk=iphoneos*]" = "iPhone Developer";
				COPY_PHASE_STRIP = NO;
				DEBUG_INFORMATION_FORMAT = dwarf;
				ENABLE_STRICT_OBJC_MSGSEND = YES;
				ENABLE_TESTABILITY = YES;
				GCC_C_LANGUAGE_STANDARD = gnu99;
				GCC_DYNAMIC_NO_PIC = NO;
				GCC_NO_COMMON_BLOCKS = YES;
				GCC_OPTIMIZATION_LEVEL = 0;
				GCC_PREPROCESSOR_DEFINITIONS = (
					"DEBUG=1",
					"$(inherited)",
				);
				GCC_WARN_64_TO_32_BIT_CONVERSION = YES;
				GCC_WARN_ABOUT_RETURN_TYPE = YES_ERROR;
				GCC_WARN_UNDECLARED_SELECTOR = YES;
				GCC_WARN_UNINITIALIZED_AUTOS = YES_AGGRESSIVE;
				GCC_WARN_UNUSED_FUNCTION = YES;
				GCC_WARN_UNUSED_VARIABLE = YES;
				IPHONEOS_DEPLOYMENT_TARGET = 9.2;
				MTL_ENABLE_DEBUG_INFO = YES;
				ONLY_ACTIVE_ARCH = YES;
				SDKROOT = iphoneos;
			};
			name = Debug;
		};
		36E57B7C1C72D46B000DEB1E /* Release */ = {
			isa = XCBuildConfiguration;
			buildSettings = {
				ALWAYS_SEARCH_USER_PATHS = NO;
				CLANG_CXX_LANGUAGE_STANDARD = "gnu++0x";
				CLANG_CXX_LIBRARY = "libc++";
				CLANG_ENABLE_MODULES = YES;
				CLANG_ENABLE_OBJC_ARC = YES;
				CLANG_WARN_BOOL_CONVERSION = YES;
				CLANG_WARN_CONSTANT_CONVERSION = YES;
				CLANG_WARN_DIRECT_OBJC_ISA_USAGE = YES_ERROR;
				CLANG_WARN_EMPTY_BODY = YES;
				CLANG_WARN_ENUM_CONVERSION = YES;
				CLANG_WARN_INT_CONVERSION = YES;
				CLANG_WARN_OBJC_ROOT_CLASS = YES_ERROR;
				CLANG_WARN_UNREACHABLE_CODE = YES;
				CLANG_WARN__DUPLICATE_METHOD_MATCH = YES;
				"CODE_SIGN_IDENTITY[sdk=iphoneos*]" = "iPhone Developer";
				COPY_PHASE_STRIP = NO;
				DEBUG_INFORMATION_FORMAT = "dwarf-with-dsym";
				ENABLE_NS_ASSERTIONS = NO;
				ENABLE_STRICT_OBJC_MSGSEND = YES;
				GCC_C_LANGUAGE_STANDARD = gnu99;
				GCC_NO_COMMON_BLOCKS = YES;
				GCC_WARN_64_TO_32_BIT_CONVERSION = YES;
				GCC_WARN_ABOUT_RETURN_TYPE = YES_ERROR;
				GCC_WARN_UNDECLARED_SELECTOR = YES;
				GCC_WARN_UNINITIALIZED_AUTOS = YES_AGGRESSIVE;
				GCC_WARN_UNUSED_FUNCTION = YES;
				GCC_WARN_UNUSED_VARIABLE = YES;
				IPHONEOS_DEPLOYMENT_TARGET = 9.2;
				MTL_ENABLE_DEBUG_INFO = NO;
				SDKROOT = iphoneos;
				VALIDATE_PRODUCT = YES;
			};
			name = Release;
		};
		36E57B7E1C72D46B000DEB1E /* Debug */ = {
			isa = XCBuildConfiguration;
			baseConfigurationReference = 1209437E249E004225786735 /* Pods.debug.xcconfig */;
			buildSettings = {
				ASSETCATALOG_COMPILER_APPICON_NAME = AppIcon;
				CODE_SIGN_IDENTITY = "iPhone Developer";
				"CODE_SIGN_IDENTITY[sdk=iphoneos*]" = "iPhone Developer";
				FRAMEWORK_SEARCH_PATHS = (
					"$(PROJECT_DIR)",
					"$(PROJECT_DIR)/Pods/Batch/Batch.embeddedframework",
				);
				HEADER_SEARCH_PATHS = (
					"$(inherited)",
					"\"${PODS_ROOT}/Headers/Public\"",
					"\"${PODS_ROOT}/Headers/Public/Firebase\"",
					"$(SDKROOT)/usr/include/libxml2",
				);
				INFOPLIST_FILE = QuikFix/Info.plist;
				LD_RUNPATH_SEARCH_PATHS = "$(inherited) @executable_path/Frameworks";
				PRODUCT_BUNDLE_IDENTIFIER = com.QuikFix.QuikFix;
				PRODUCT_NAME = "$(TARGET_NAME)";
				PROVISIONING_PROFILE = "";
			};
			name = Debug;
		};
		36E57B7F1C72D46B000DEB1E /* Release */ = {
			isa = XCBuildConfiguration;
			baseConfigurationReference = 771C706DCD88DB34931B3738 /* Pods.release.xcconfig */;
			buildSettings = {
				ASSETCATALOG_COMPILER_APPICON_NAME = AppIcon;
				CODE_SIGN_IDENTITY = "iPhone Developer";
				"CODE_SIGN_IDENTITY[sdk=iphoneos*]" = "iPhone Developer";
				FRAMEWORK_SEARCH_PATHS = (
					"$(PROJECT_DIR)",
					"$(PROJECT_DIR)/Pods/Batch/Batch.embeddedframework",
				);
				HEADER_SEARCH_PATHS = (
					"$(inherited)",
					"\"${PODS_ROOT}/Headers/Public\"",
					"\"${PODS_ROOT}/Headers/Public/Firebase\"",
					"$(SDKROOT)/usr/include/libxml2",
				);
				INFOPLIST_FILE = QuikFix/Info.plist;
				LD_RUNPATH_SEARCH_PATHS = "$(inherited) @executable_path/Frameworks";
				PRODUCT_BUNDLE_IDENTIFIER = com.QuikFix.QuikFix;
				PRODUCT_NAME = "$(TARGET_NAME)";
				PROVISIONING_PROFILE = "";
			};
			name = Release;
		};
/* End XCBuildConfiguration section */

/* Begin XCConfigurationList section */
		36E57B611C72D46B000DEB1E /* Build configuration list for PBXProject "QuikFix" */ = {
			isa = XCConfigurationList;
			buildConfigurations = (
				36E57B7B1C72D46B000DEB1E /* Debug */,
				36E57B7C1C72D46B000DEB1E /* Release */,
			);
			defaultConfigurationIsVisible = 0;
			defaultConfigurationName = Release;
		};
		36E57B7D1C72D46B000DEB1E /* Build configuration list for PBXNativeTarget "QuikFix" */ = {
			isa = XCConfigurationList;
			buildConfigurations = (
				36E57B7E1C72D46B000DEB1E /* Debug */,
				36E57B7F1C72D46B000DEB1E /* Release */,
			);
			defaultConfigurationIsVisible = 0;
			defaultConfigurationName = Release;
		};
/* End XCConfigurationList section */
	};
	rootObject = 36E57B5E1C72D46B000DEB1E /* Project object */;
}
